
Microsoft Visual Studio Solution File, Format Version 12.00
# Visual Studio Version 17
VisualStudioVersion = 17.3.32811.315
MinimumVisualStudioVersion = 10.0.40219.1
Project("{FAE04EC0-301F-11D3-BF4B-00C04F79EFBC}") = "Users.WebApi", "Users.WebApi\Users.WebApi.csproj", "{9ECBD010-D6BC-4B8C-9973-BEB4E4F50700}"
EndProject
Project("{FAE04EC0-301F-11D3-BF4B-00C04F79EFBC}") = "Users.Core", "Users.Core\Users.Core.csproj", "{B9032E51-0AC5-43AF-B218-3CB7310E9B6E}"
EndProject
Global
	GlobalSection(SolutionConfigurationPlatforms) = preSolution
		Debug|Any CPU = Debug|Any CPU
		Release|Any CPU = Release|Any CPU
	EndGlobalSection
	GlobalSection(ProjectConfigurationPlatforms) = postSolution
		{9ECBD010-D6BC-4B8C-9973-BEB4E4F50700}.Debug|Any CPU.ActiveCfg = Debug|Any CPU
		{9ECBD010-D6BC-4B8C-9973-BEB4E4F50700}.Debug|Any CPU.Build.0 = Debug|Any CPU
		{9ECBD010-D6BC-4B8C-9973-BEB4E4F50700}.Release|Any CPU.ActiveCfg = Release|Any CPU
		{9ECBD010-D6BC-4B8C-9973-BEB4E4F50700}.Release|Any CPU.Build.0 = Release|Any CPU
		{B9032E51-0AC5-43AF-B218-3CB7310E9B6E}.Debug|Any CPU.ActiveCfg = Debug|Any CPU
		{B9032E51-0AC5-43AF-B218-3CB7310E9B6E}.Debug|Any CPU.Build.0 = Debug|Any CPU
		{B9032E51-0AC5-43AF-B218-3CB7310E9B6E}.Release|Any CPU.ActiveCfg = Release|Any CPU
		{B9032E51-0AC5-43AF-B218-3CB7310E9B6E}.Release|Any CPU.Build.0 = Release|Any CPU
	EndGlobalSection
	GlobalSection(SolutionProperties) = preSolution
		HideSolutionNode = FALSE
	EndGlobalSection
	GlobalSection(ExtensibilityGlobals) = postSolution
		SolutionGuid = {1067FBFB-1699-4616-BB91-A7BD1892FA2D}
	EndGlobalSection
EndGlobal
